
Microsoft Visual Studio Solution File, Format Version 12.00
# Visual Studio 15
VisualStudioVersion = 15.0.28307.421
MinimumVisualStudioVersion = 10.0.40219.1
Project("{FAE04EC0-301F-11D3-BF4B-00C04F79EFBC}") = "TASK5", "TASK5\TASK5.csproj", "{071E0CBE-2193-4E05-9DF0-D9B305E5FF87}"
EndProject
Global
	GlobalSection(SolutionConfigurationPlatforms) = preSolution
		Debug|Any CPU = Debug|Any CPU
		Release|Any CPU = Release|Any CPU
	EndGlobalSection
	GlobalSection(ProjectConfigurationPlatforms) = postSolution
		{071E0CBE-2193-4E05-9DF0-D9B305E5FF87}.Debug|Any CPU.ActiveCfg = Debug|Any CPU
		{071E0CBE-2193-4E05-9DF0-D9B305E5FF87}.Debug|Any CPU.Build.0 = Debug|Any CPU
		{071E0CBE-2193-4E05-9DF0-D9B305E5FF87}.Release|Any CPU.ActiveCfg = Release|Any CPU
		{071E0CBE-2193-4E05-9DF0-D9B305E5FF87}.Release|Any CPU.Build.0 = Release|Any CPU
	EndGlobalSection
	GlobalSection(SolutionProperties) = preSolution
		HideSolutionNode = FALSE
	EndGlobalSection
	GlobalSection(ExtensibilityGlobals) = postSolution
		SolutionGuid = {0901D91D-FB21-48A5-BB14-CD885AB24AEA}
	EndGlobalSection
EndGlobal
